{
  "requires": true,
  "lockfileVersion": 1,
  "dependencies": {
    "@angular/service-worker": {
      "version": "11.0.5",
      "resolved": "https://registry.npmjs.org/@angular/service-worker/-/service-worker-11.0.5.tgz",
      "integrity": "sha512-5H3wJD9vQzhJqNes5N9fKmJp7ftv7UlqJZHewbwfZKd3xta7+mHXGFelMIdzsvb0WGkqPrW1mUgL0sIQ9DYKOg==",
      "requires": {
        "tslib": "^2.0.0"
      }
    },
    "tslib": {
      "version": "2.0.3",
      "resolved": "https://registry.npmjs.org/tslib/-/tslib-2.0.3.tgz",
      "integrity": "sha512-uZtkfKblCEQtZKBF6EBXVZeQNl82yqtDQdv+eck8u7tdPxjLu2/lp5/uPW+um2tpuxINHWy3GhiccY7QgEaVHQ=="
    }
  }
}
